PODS:
  - AFNetworking (3.2.1):
    - AFNetworking/NSURLSession (= 3.2.1)
    - AFNetworking/Reachability (= 3.2.1)
    - AFNetworking/Security (= 3.2.1)
    - AFNetworking/Serialization (= 3.2.1)
    - AFNetworking/UIKit (= 3.2.1)
  - AFNetworking/NSURLSession (3.2.1):
    - AFNetworking/Reachability
    - AFNetworking/Security
    - AFNetworking/Serialization
  - AFNetworking/Reachability (3.2.1)
  - AFNetworking/Security (3.2.1)
  - AFNetworking/Serialization (3.2.1)
  - AFNetworking/UIKit (3.2.1):
    - AFNetworking/NSURLSession
  - ARChromeActivity (1.0.5)
  - iOSDFULibrary (4.7.2):
    - ZIPFoundation (= 0.9.11)
  - IQKeyboardManager (6.5.5)
  - KINWebBrowser (1.3.2):
    - ARChromeActivity (= 1.0.5)
    - TUSafariActivity (= 1.0.4)
  - MBProgressHUD (1.0.0)
  - MJExtension (3.2.2)
  - MJRefresh (3.4.3)
  - NJKWebViewProgress (0.2.3):
    - NJKWebViewProgress/Core (= 0.2.3)
    - NJKWebViewProgress/ProgressView (= 0.2.3)
  - NJKWebViewProgress/Core (0.2.3)
  - NJKWebViewProgress/ProgressView (0.2.3)
  - SDCycleScrollView (1.80):
    - SDWebImage (>= 5.0.0)
  - SDWebImage (5.5.2):
    - SDWebImage/Core (= 5.5.2)
  - SDWebImage/Core (5.5.2)
  - TUSafariActivity (1.0.4)
  - UMCCommon (7.1.1)
  - UMCCommonLog (2.0.0)
  - UMCSecurityPlugins (1.0.6)
  - UMCShare/Core (6.9.10):
    - UMCCommon
  - UMCShare/UI (6.9.10):
    - UMCCommon
    - UMCShare/Core
  - YYKit (1.0.9):
    - YYKit/no-arc (= 1.0.9)
  - YYKit/no-arc (1.0.9)
  - ZIPFoundation (0.9.11)

DEPENDENCIES:
  - AFNetworking (~> 3.2.1)
  - iOSDFULibrary
  - IQKeyboardManager
  - KINWebBrowser
  - MBProgressHUD (~> 1.0.0)
  - MJExtension
  - MJRefresh
  - NJKWebViewProgress
  - SDCycleScrollView (>= 1.80)
  - SDWebImage (~> 5.5.0)
  - UMCCommon
  - UMCCommonLog
  - UMCSecurityPlugins
  - UMCShare/UI
  - YYKit

SPEC REPOS:
  https://mirrors.tuna.tsinghua.edu.cn/git/CocoaPods/Specs.git:
    - AFNetworking
    - ARChromeActivity
    - iOSDFULibrary
    - IQKeyboardManager
    - KINWebBrowser
    - MBProgressHUD
    - MJExtension
    - MJRefresh
    - NJKWebViewProgress
    - SDCycleScrollView
    - SDWebImage
    - TUSafariActivity
    - UMCCommon
    - UMCCommonLog
    - UMCSecurityPlugins
    - UMCShare
    - YYKit
    - ZIPFoundation

SPEC CHECKSUMS:
  AFNetworking: b6f891fdfaed196b46c7a83cf209e09697b94057
  ARChromeActivity: 821c7849b566f49583987468733a896fee35aa4d
  iOSDFULibrary: 213608bf93ace7f9d6582453a9498ec384642f97
  IQKeyboardManager: 3a8b9e603f8b0eeaf5f096a1f2b2cfcf121992ef
  KINWebBrowser: 27aa857a2aa39063ed102cca781d130b679d205f
  MBProgressHUD: 4890f671c94e8a0f3cf959aa731e9de2f036d71a
  MJExtension: d9b9c74cbdeb724c1e9ecbb157b318276e62e876
  MJRefresh: 53e3e3219f204425ee6d3e62e8733d3295944cd6
  NJKWebViewProgress: f481fd424cb5ecc27eacae11b5397db92fba9a4d
  SDCycleScrollView: b3c9a5ed840c771c4938978174c7c9d9feefeb96
  SDWebImage: 4d5c027c935438f341ed33dbac53ff9f479922ca
  TUSafariActivity: afc55a00965377939107ce4fdc7f951f62454546
  UMCCommon: f455f92c125342e360d6ad9eafe484945351eeb5
  UMCCommonLog: 9b7ddde5d14a52fc1986ba5ac3121b8b2f433638
  UMCSecurityPlugins: 0831a08f3988f3cea9f1d3a7626cd9bee4fef150
  UMCShare: a4a95fbdd61ecce5b6751d8c9ed9b519e80fcbc9
  YYKit: 7cda43304a8dc3696c449041e2cb3107b4e236e7
  ZIPFoundation: b1f0de4eed33e74a676f76e12559ab6b75990197

PODFILE CHECKSUM: f90b56eea3449e7d829d1f90789bfecbba5ca8a5

COCOAPODS: 1.9.2
