// !$*UTF8*$!
{
	archiveVersion = 1;
	classes = {
	};
	objectVersion = 50;
	objects = {

/* Begin PBXBuildFile section */
		27271CE5250D129A00B4E382 /* AppDelegate.m in Sources */ = {isa = PBXBuildFile; fileRef = 27271CE4250D129A00B4E382 /* AppDelegate.m */; };
		27271CE8250D129A00B4E382 /* SceneDelegate.m in Sources */ = {isa = PBXBuildFile; fileRef = 27271CE7250D129A00B4E382 /* SceneDelegate.m */; };
		27271CEB250D129A00B4E382 /* ViewController.m in Sources */ = {isa = PBXBuildFile; fileRef = 27271CEA250D129A00B4E382 /* ViewController.m */; };
		27271CEE250D129A00B4E382 /* Main.storyboard in Resources */ = {isa = PBXBuildFile; fileRef = 27271CEC250D129A00B4E382 /* Main.storyboard */; };
		27271CF0250D129B00B4E382 /* Assets.xcassets in Resources */ = {isa = PBXBuildFile; fileRef = 27271CEF250D129B00B4E382 /* Assets.xcassets */; };
		27271CF3250D129B00B4E382 /* LaunchScreen.storyboard in Resources */ = {isa = PBXBuildFile; fileRef = 27271CF1250D129B00B4E382 /* LaunchScreen.storyboard */; };
		27271CF6250D129B00B4E382 /* main.m in Sources */ = {isa = PBXBuildFile; fileRef = 27271CF5250D129B00B4E382 /* main.m */; };
		27271D00250D129C00B4E382 /* RongPenProjectTests.m in Sources */ = {isa = PBXBuildFile; fileRef = 27271CFF250D129C00B4E382 /* RongPenProjectTests.m */; };
		27271D0B250D129C00B4E382 /* RongPenProjectUITests.m in Sources */ = {isa = PBXBuildFile; fileRef = 27271D0A250D129C00B4E382 /* RongPenProjectUITests.m */; };
/* End PBXBuildFile section */

/* Begin PBXContainerItemProxy section */
		27271CFC250D129C00B4E382 /* PBXContainerItemProxy */ = {
			isa = PBXContainerItemProxy;
			containerPortal = 27271CD8250D129A00B4E382 /* Project object */;
			proxyType = 1;
			remoteGlobalIDString = 27271CDF250D129A00B4E382;
			remoteInfo = RongPenProject;
		};
		27271D07250D129C00B4E382 /* PBXContainerItemProxy */ = {
			isa = PBXContainerItemProxy;
			containerPortal = 27271CD8250D129A00B4E382 /* Project object */;
			proxyType = 1;
			remoteGlobalIDString = 27271CDF250D129A00B4E382;
			remoteInfo = RongPenProject;
		};
/* End PBXContainerItemProxy section */

/* Begin PBXFileReference section */
		27271CE0250D129A00B4E382 /* RongPenProject.app */ = {isa = PBXFileReference; explicitFileType = wrapper.application; includeInIndex = 0; path = RongPenProject.app; sourceTree = BUILT_PRODUCTS_DIR; };
		27271CE3250D129A00B4E382 /* AppDelegate.h */ = {isa = PBXFileReference; lastKnownFileType = sourcecode.c.h; path = AppDelegate.h; sourceTree = "<group>"; };
		27271CE4250D129A00B4E382 /* AppDelegate.m */ = {isa = PBXFileReference; lastKnownFileType = sourcecode.c.objc; path = AppDelegate.m; sourceTree = "<group>"; };
		27271CE6250D129A00B4E382 /* SceneDelegate.h */ = {isa = PBXFileReference; lastKnownFileType = sourcecode.c.h; path = SceneDelegate.h; sourceTree = "<group>"; };
		27271CE7250D129A00B4E382 /* SceneDelegate.m */ = {isa = PBXFileReference; lastKnownFileType = sourcecode.c.objc; path = SceneDelegate.m; sourceTree = "<group>"; };
		27271CE9250D129A00B4E382 /* ViewController.h */ = {isa = PBXFileReference; lastKnownFileType = sourcecode.c.h; path = ViewController.h; sourceTree = "<group>"; };
		27271CEA250D129A00B4E382 /* ViewController.m */ = {isa = PBXFileReference; lastKnownFileType = sourcecode.c.objc; path = ViewController.m; sourceTree = "<group>"; };
		27271CED250D129A00B4E382 /* Base */ = {isa = PBXFileReference; lastKnownFileType = file.storyboard; name = Base; path = Base.lproj/Main.storyboard; sourceTree = "<group>"; };
		27271CEF250D129B00B4E382 /* Assets.xcassets */ = {isa = PBXFileReference; lastKnownFileType = folder.assetcatalog; path = Assets.xcassets; sourceTree = "<group>"; };
		27271CF2250D129B00B4E382 /* Base */ = {isa = PBXFileReference; lastKnownFileType = file.storyboard; name = Base; path = Base.lproj/LaunchScreen.storyboard; sourceTree = "<group>"; };
		27271CF4250D129B00B4E382 /* Info.plist */ = {isa = PBXFileReference; lastKnownFileType = text.plist.xml; path = Info.plist; sourceTree = "<group>"; };
		27271CF5250D129B00B4E382 /* main.m */ = {isa = PBXFileReference; lastKnownFileType = sourcecode.c.objc; path = main.m; sourceTree = "<group>"; };
		27271CFB250D129C00B4E382 /* RongPenProjectTests.xctest */ = {isa = PBXFileReference; explicitFileType = wrapper.cfbundle; includeInIndex = 0; path = RongPenProjectTests.xctest; sourceTree = BUILT_PRODUCTS_DIR; };
		27271CFF250D129C00B4E382 /* RongPenProjectTests.m */ = {isa = PBXFileReference; lastKnownFileType = sourcecode.c.objc; path = RongPenProjectTests.m; sourceTree = "<group>"; };
		27271D01250D129C00B4E382 /* Info.plist */ = {isa = PBXFileReference; lastKnownFileType = text.plist.xml; path = Info.plist; sourceTree = "<group>"; };
		27271D06250D129C00B4E382 /* RongPenProjectUITests.xctest */ = {isa = PBXFileReference; explicitFileType = wrapper.cfbundle; includeInIndex = 0; path = RongPenProjectUITests.xctest; sourceTree = BUILT_PRODUCTS_DIR; };
		27271D0A250D129C00B4E382 /* RongPenProjectUITests.m */ = {isa = PBXFileReference; lastKnownFileType = sourcecode.c.objc; path = RongPenProjectUITests.m; sourceTree = "<group>"; };
		27271D0C250D129C00B4E382 /* Info.plist */ = {isa = PBXFileReference; lastKnownFileType = text.plist.xml; path = Info.plist; sourceTree = "<group>"; };
/* End PBXFileReference section */

/* Begin PBXFrameworksBuildPhase section */
		27271CDD250D129A00B4E382 /* Frameworks */ = {
			isa = PBXFrameworksBuildPhase;
			buildActionMask = 2147483647;
			files = (
			);
			runOnlyForDeploymentPostprocessing = 0;
		};
		27271CF8250D129C00B4E382 /* Frameworks */ = {
			isa = PBXFrameworksBuildPhase;
			buildActionMask = 2147483647;
			files = (
			);
			runOnlyForDeploymentPostprocessing = 0;
		};
		27271D03250D129C00B4E382 /* Frameworks */ = {
			isa = PBXFrameworksBuildPhase;
			buildActionMask = 2147483647;
			files = (
			);
			runOnlyForDeploymentPostprocessing = 0;
		};
/* End PBXFrameworksBuildPhase section */

/* Begin PBXGroup section */
		27271CD7250D129A00B4E382 = {
			isa = PBXGroup;
			children = (
				27271CE2250D129A00B4E382 /* RongPenProject */,
				27271CFE250D129C00B4E382 /* RongPenProjectTests */,
				27271D09250D129C00B4E382 /* RongPenProjectUITests */,
				27271CE1250D129A00B4E382 /* Products */,
			);
			sourceTree = "<group>";
		};
		27271CE1250D129A00B4E382 /* Products */ = {
			isa = PBXGroup;
			children = (
				27271CE0250D129A00B4E382 /* RongPenProject.app */,
				27271CFB250D129C00B4E382 /* RongPenProjectTests.xctest */,
				27271D06250D129C00B4E382 /* RongPenProjectUITests.xctest */,
			);
			name = Products;
			sourceTree = "<group>";
		};
		27271CE2250D129A00B4E382 /* RongPenProject */ = {
			isa = PBXGroup;
			children = (
				27271CE3250D129A00B4E382 /* AppDelegate.h */,
				27271CE4250D129A00B4E382 /* AppDelegate.m */,
				27271CE6250D129A00B4E382 /* SceneDelegate.h */,
				27271CE7250D129A00B4E382 /* SceneDelegate.m */,
				27271CE9250D129A00B4E382 /* ViewController.h */,
				27271CEA250D129A00B4E382 /* ViewController.m */,
				27271CEC250D129A00B4E382 /* Main.storyboard */,
				27271CEF250D129B00B4E382 /* Assets.xcassets */,
				27271CF1250D129B00B4E382 /* LaunchScreen.storyboard */,
				27271CF4250D129B00B4E382 /* Info.plist */,
				27271CF5250D129B00B4E382 /* main.m */,
			);
			path = RongPenProject;
			sourceTree = "<group>";
		};
		27271CFE250D129C00B4E382 /* RongPenProjectTests */ = {
			isa = PBXGroup;
			children = (
				27271CFF250D129C00B4E382 /* RongPenProjectTests.m */,
				27271D01250D129C00B4E382 /* Info.plist */,
			);
			path = RongPenProjectTests;
			sourceTree = "<group>";
		};
		27271D09250D129C00B4E382 /* RongPenProjectUITests */ = {
			isa = PBXGroup;
			children = (
				27271D0A250D129C00B4E382 /* RongPenProjectUITests.m */,
				27271D0C250D129C00B4E382 /* Info.plist */,
			);
			path = RongPenProjectUITests;
			sourceTree = "<group>";
		};
/* End PBXGroup section */

/* Begin PBXNativeTarget section */
		27271CDF250D129A00B4E382 /* RongPenProject */ = {
			isa = PBXNativeTarget;
			buildConfigurationList = 27271D0F250D129C00B4E382 /* Build configuration list for PBXNativeTarget "RongPenProject" */;
			buildPhases = (
				27271CDC250D129A00B4E382 /* Sources */,
				27271CDD250D129A00B4E382 /* Frameworks */,
				27271CDE250D129A00B4E382 /* Resources */,
			);
			buildRules = (
			);
			dependencies = (
			);
			name = RongPenProject;
			productName = RongPenProject;
			productReference = 27271CE0250D129A00B4E382 /* RongPenProject.app */;
			productType = "com.apple.product-type.application";
		};
		27271CFA250D129C00B4E382 /* RongPenProjectTests */ = {
			isa = PBXNativeTarget;
			buildConfigurationList = 27271D12250D129C00B4E382 /* Build configuration list for PBXNativeTarget "RongPenProjectTests" */;
			buildPhases = (
				27271CF7250D129C00B4E382 /* Sources */,
				27271CF8250D129C00B4E382 /* Frameworks */,
				27271CF9250D129C00B4E382 /* Resources */,
			);
			buildRules = (
			);
			dependencies = (
				27271CFD250D129C00B4E382 /* PBXTargetDependency */,
			);
			name = RongPenProjectTests;
			productName = RongPenProjectTests;
			productReference = 27271CFB250D129C00B4E382 /* RongPenProjectTests.xctest */;
			productType = "com.apple.product-type.bundle.unit-test";
		};
		27271D05250D129C00B4E382 /* RongPenProjectUITests */ = {
			isa = PBXNativeTarget;
			buildConfigurationList = 27271D15250D129C00B4E382 /* Build configuration list for PBXNativeTarget "RongPenProjectUITests" */;
			buildPhases = (
				27271D02250D129C00B4E382 /* Sources */,
				27271D03250D129C00B4E382 /* Frameworks */,
				27271D04250D129C00B4E382 /* Resources */,
			);
			buildRules = (
			);
			dependencies = (
				27271D08250D129C00B4E382 /* PBXTargetDependency */,
			);
			name = RongPenProjectUITests;
			productName = RongPenProjectUITests;
			productReference = 27271D06250D129C00B4E382 /* RongPenProjectUITests.xctest */;
			productType = "com.apple.product-type.bundle.ui-testing";
		};
/* End PBXNativeTarget section */

/* Begin PBXProject section */
		27271CD8250D129A00B4E382 /* Project object */ = {
			isa = PBXProject;
			attributes = {
				LastUpgradeCheck = 1130;
				TargetAttributes = {
					27271CDF250D129A00B4E382 = {
						CreatedOnToolsVersion = 11.3.1;
					};
					27271CFA250D129C00B4E382 = {
						CreatedOnToolsVersion = 11.3.1;
						TestTargetID = 27271CDF250D129A00B4E382;
					};
					27271D05250D129C00B4E382 = {
						CreatedOnToolsVersion = 11.3.1;
						TestTargetID = 27271CDF250D129A00B4E382;
					};
				};
			};
			buildConfigurationList = 27271CDB250D129A00B4E382 /* Build configuration list for PBXProject "RongPenProject" */;
			compatibilityVersion = "Xcode 9.3";
			developmentRegion = en;
			hasScannedForEncodings = 0;
			knownRegions = (
				en,
				Base,
			);
			mainGroup = 27271CD7250D129A00B4E382;
			productRefGroup = 27271CE1250D129A00B4E382 /* Products */;
			projectDirPath = "";
			projectRoot = "";
			targets = (
				27271CDF250D129A00B4E382 /* RongPenProject */,
				27271CFA250D129C00B4E382 /* RongPenProjectTests */,
				27271D05250D129C00B4E382 /* RongPenProjectUITests */,
			);
		};
/* End PBXProject section */

/* Begin PBXResourcesBuildPhase section */
		27271CDE250D129A00B4E382 /* Resources */ = {
			isa = PBXResourcesBuildPhase;
			buildActionMask = 2147483647;
			files = (
				27271CF3250D129B00B4E382 /* LaunchScreen.storyboard in Resources */,
				27271CF0250D129B00B4E382 /* Assets.xcassets in Resources */,
				27271CEE250D129A00B4E382 /* Main.storyboard in Resources */,
			);
			runOnlyForDeploymentPostprocessing = 0;
		};
		27271CF9250D129C00B4E382 /* Resources */ = {
			isa = PBXResourcesBuildPhase;
			buildActionMask = 2147483647;
			files = (
			);
			runOnlyForDeploymentPostprocessing = 0;
		};
		27271D04250D129C00B4E382 /* Resources */ = {
			isa = PBXResourcesBuildPhase;
			buildActionMask = 2147483647;
			files = (
			);
			runOnlyForDeploymentPostprocessing = 0;
		};
/* End PBXResourcesBuildPhase section */

/* Begin PBXSourcesBuildPhase section */
		27271CDC250D129A00B4E382 /* Sources */ = {
			isa = PBXSourcesBuildPhase;
			buildActionMask = 2147483647;
			files = (
				27271CEB250D129A00B4E382 /* ViewController.m in Sources */,
				27271CE5250D129A00B4E382 /* AppDelegate.m in Sources */,
				27271CF6250D129B00B4E382 /* main.m in Sources */,
				27271CE8250D129A00B4E382 /* SceneDelegate.m in Sources */,
			);
			runOnlyForDeploymentPostprocessing = 0;
		};
		27271CF7250D129C00B4E382 /* Sources */ = {
			isa = PBXSourcesBuildPhase;
			buildActionMask = 2147483647;
			files = (
				27271D00250D129C00B4E382 /* RongPenProjectTests.m in Sources */,
			);
			runOnlyForDeploymentPostprocessing = 0;
		};
		27271D02250D129C00B4E382 /* Sources */ = {
			isa = PBXSourcesBuildPhase;
			buildActionMask = 2147483647;
			files = (
				27271D0B250D129C00B4E382 /* RongPenProjectUITests.m in Sources */,
			);
			runOnlyForDeploymentPostprocessing = 0;
		};
/* End PBXSourcesBuildPhase section */

/* Begin PBXTargetDependency section */
		27271CFD250D129C00B4E382 /* PBXTargetDependency */ = {
			isa = PBXTargetDependency;
			target = 27271CDF250D129A00B4E382 /* RongPenProject */;
			targetProxy = 27271CFC250D129C00B4E382 /* PBXContainerItemProxy */;
		};
		27271D08250D129C00B4E382 /* PBXTargetDependency */ = {
			isa = PBXTargetDependency;
			target = 27271CDF250D129A00B4E382 /* RongPenProject */;
			targetProxy = 27271D07250D129C00B4E382 /* PBXContainerItemProxy */;
		};
/* End PBXTargetDependency section */

/* Begin PBXVariantGroup section */
		27271CEC250D129A00B4E382 /* Main.storyboard */ = {
			isa = PBXVariantGroup;
			children = (
				27271CED250D129A00B4E382 /* Base */,
			);
			name = Main.storyboard;
			sourceTree = "<group>";
		};
		27271CF1250D129B00B4E382 /* LaunchScreen.storyboard */ = {
			isa = PBXVariantGroup;
			children = (
				27271CF2250D129B00B4E382 /* Base */,
			);
			name = LaunchScreen.storyboard;
			sourceTree = "<group>";
		};
/* End PBXVariantGroup section */

/* Begin XCBuildConfiguration section */
		27271D0D250D129C00B4E382 /* Debug */ = {
			isa = XCBuildConfiguration;
			buildSettings = {
				ALWAYS_SEARCH_USER_PATHS = NO;
				CLANG_ANALYZER_NONNULL = YES;
				CLANG_ANALYZER_NUMBER_OBJECT_CONVERSION = YES_AGGRESSIVE;
				CLANG_CXX_LANGUAGE_STANDARD = "gnu++14";
				CLANG_CXX_LIBRARY = "libc++";
				CLANG_ENABLE_MODULES = YES;
				CLANG_ENABLE_OBJC_ARC = YES;
				CLANG_ENABLE_OBJC_WEAK = YES;
				CLANG_WARN_BLOCK_CAPTURE_AUTORELEASING = YES;
				CLANG_WARN_BOOL_CONVERSION = YES;
				CLANG_WARN_COMMA = YES;
				CLANG_WARN_CONSTANT_CONVERSION = YES;
				CLANG_WARN_DEPRECATED_OBJC_IMPLEMENTATIONS = YES;
				CLANG_WARN_DIRECT_OBJC_ISA_USAGE = YES_ERROR;
				CLANG_WARN_DOCUMENTATION_COMMENTS = YES;
				CLANG_WARN_EMPTY_BODY = YES;
				CLANG_WARN_ENUM_CONVERSION = YES;
				CLANG_WARN_INFINITE_RECURSION = YES;
				CLANG_WARN_INT_CONVERSION = YES;
				CLANG_WARN_NON_LITERAL_NULL_CONVERSION = YES;
				CLANG_WARN_OBJC_IMPLICIT_RETAIN_SELF = YES;
				CLANG_WARN_OBJC_LITERAL_CONVERSION = YES;
				CLANG_WARN_OBJC_ROOT_CLASS = YES_ERROR;
				CLANG_WARN_RANGE_LOOP_ANALYSIS = YES;
				CLANG_WARN_STRICT_PROTOTYPES = YES;
				CLANG_WARN_SUSPICIOUS_MOVE = YES;
				CLANG_WARN_UNGUARDED_AVAILABILITY = YES_AGGRESSIVE;
				CLANG_WARN_UNREACHABLE_CODE = YES;
				CLANG_WARN__DUPLICATE_METHOD_MATCH = YES;
				COPY_PHASE_STRIP = NO;
				DEBUG_INFORMATION_FORMAT = dwarf;
				ENABLE_STRICT_OBJC_MSGSEND = YES;
				ENABLE_TESTABILITY = YES;
				GCC_C_LANGUAGE_STANDARD = gnu11;
				GCC_DYNAMIC_NO_PIC = NO;
				GCC_NO_COMMON_BLOCKS = YES;
				GCC_OPTIMIZATION_LEVEL = 0;
				GCC_PREPROCESSOR_DEFINITIONS = (
					"DEBUG=1",
					"$(inherited)",
				);
				GCC_WARN_64_TO_32_BIT_CONVERSION = YES;
				GCC_WARN_ABOUT_RETURN_TYPE = YES_ERROR;
				GCC_WARN_UNDECLARED_SELECTOR = YES;
				GCC_WARN_UNINITIALIZED_AUTOS = YES_AGGRESSIVE;
				GCC_WARN_UNUSED_FUNCTION = YES;
				GCC_WARN_UNUSED_VARIABLE = YES;
				IPHONEOS_DEPLOYMENT_TARGET = 13.2;
				MTL_ENABLE_DEBUG_INFO = INCLUDE_SOURCE;
				MTL_FAST_MATH = YES;
				ONLY_ACTIVE_ARCH = YES;
				SDKROOT = iphoneos;
			};
			name = Debug;
		};
		27271D0E250D129C00B4E382 /* Release */ = {
			isa = XCBuildConfiguration;
			buildSettings = {
				ALWAYS_SEARCH_USER_PATHS = NO;
				CLANG_ANALYZER_NONNULL = YES;
				CLANG_ANALYZER_NUMBER_OBJECT_CONVERSION = YES_AGGRESSIVE;
				CLANG_CXX_LANGUAGE_STANDARD = "gnu++14";
				CLANG_CXX_LIBRARY = "libc++";
				CLANG_ENABLE_MODULES = YES;
				CLANG_ENABLE_OBJC_ARC = YES;
				CLANG_ENABLE_OBJC_WEAK = YES;
				CLANG_WARN_BLOCK_CAPTURE_AUTORELEASING = YES;
				CLANG_WARN_BOOL_CONVERSION = YES;
				CLANG_WARN_COMMA = YES;
				CLANG_WARN_CONSTANT_CONVERSION = YES;
				CLANG_WARN_DEPRECATED_OBJC_IMPLEMENTATIONS = YES;
				CLANG_WARN_DIRECT_OBJC_ISA_USAGE = YES_ERROR;
				CLANG_WARN_DOCUMENTATION_COMMENTS = YES;
				CLANG_WARN_EMPTY_BODY = YES;
				CLANG_WARN_ENUM_CONVERSION = YES;
				CLANG_WARN_INFINITE_RECURSION = YES;
				CLANG_WARN_INT_CONVERSION = YES;
				CLANG_WARN_NON_LITERAL_NULL_CONVERSION = YES;
				CLANG_WARN_OBJC_IMPLICIT_RETAIN_SELF = YES;
				CLANG_WARN_OBJC_LITERAL_CONVERSION = YES;
				CLANG_WARN_OBJC_ROOT_CLASS = YES_ERROR;
				CLANG_WARN_RANGE_LOOP_ANALYSIS = YES;
				CLANG_WARN_STRICT_PROTOTYPES = YES;
				CLANG_WARN_SUSPICIOUS_MOVE = YES;
				CLANG_WARN_UNGUARDED_AVAILABILITY = YES_AGGRESSIVE;
				CLANG_WARN_UNREACHABLE_CODE = YES;
				CLANG_WARN__DUPLICATE_METHOD_MATCH = YES;
				COPY_PHASE_STRIP = NO;
				DEBUG_INFORMATION_FORMAT = "dwarf-with-dsym";
				ENABLE_NS_ASSERTIONS = NO;
				ENABLE_STRICT_OBJC_MSGSEND = YES;
				GCC_C_LANGUAGE_STANDARD = gnu11;
				GCC_NO_COMMON_BLOCKS = YES;
				GCC_WARN_64_TO_32_BIT_CONVERSION = YES;
				GCC_WARN_ABOUT_RETURN_TYPE = YES_ERROR;
				GCC_WARN_UNDECLARED_SELECTOR = YES;
				GCC_WARN_UNINITIALIZED_AUTOS = YES_AGGRESSIVE;
				GCC_WARN_UNUSED_FUNCTION = YES;
				GCC_WARN_UNUSED_VARIABLE = YES;
				IPHONEOS_DEPLOYMENT_TARGET = 13.2;
				MTL_ENABLE_DEBUG_INFO = NO;
				MTL_FAST_MATH = YES;
				SDKROOT = iphoneos;
				VALIDATE_PRODUCT = YES;
			};
			name = Release;
		};
		27271D10250D129C00B4E382 /* Debug */ = {
			isa = XCBuildConfiguration;
			buildSettings = {
				ASSETCATALOG_COMPILER_APPICON_NAME = AppIcon;
				CODE_SIGN_STYLE = Automatic;
				INFOPLIST_FILE = RongPenProject/Info.plist;
				LD_RUNPATH_SEARCH_PATHS = (
					"$(inherited)",
					"@executable_path/Frameworks",
				);
				PRODUCT_BUNDLE_IDENTIFIER = none.RongPenProject;
				PRODUCT_NAME = "$(TARGET_NAME)";
				TARGETED_DEVICE_FAMILY = "1,2";
			};
			name = Debug;
		};
		27271D11250D129C00B4E382 /* Release */ = {
			isa = XCBuildConfiguration;
			buildSettings = {
				ASSETCATALOG_COMPILER_APPICON_NAME = AppIcon;
				CODE_SIGN_STYLE = Automatic;
				INFOPLIST_FILE = RongPenProject/Info.plist;
				LD_RUNPATH_SEARCH_PATHS = (
					"$(inherited)",
					"@executable_path/Frameworks",
				);
				PRODUCT_BUNDLE_IDENTIFIER = none.RongPenProject;
				PRODUCT_NAME = "$(TARGET_NAME)";
				TARGETED_DEVICE_FAMILY = "1,2";
			};
			name = Release;
		};
		27271D13250D129C00B4E382 /* Debug */ = {
			isa = XCBuildConfiguration;
			buildSettings = {
				BUNDLE_LOADER = "$(TEST_HOST)";
				CODE_SIGN_STYLE = Automatic;
				INFOPLIST_FILE = RongPenProjectTests/Info.plist;
				IPHONEOS_DEPLOYMENT_TARGET = 13.2;
				LD_RUNPATH_SEARCH_PATHS = (
					"$(inherited)",
					"@executable_path/Frameworks",
					"@loader_path/Frameworks",
				);
				PRODUCT_BUNDLE_IDENTIFIER = none.RongPenProjectTests;
				PRODUCT_NAME = "$(TARGET_NAME)";
				TARGETED_DEVICE_FAMILY = "1,2";
				TEST_HOST = "$(BUILT_PRODUCTS_DIR)/RongPenProject.app/RongPenProject";
			};
			name = Debug;
		};
		27271D14250D129C00B4E382 /* Release */ = {
			isa = XCBuildConfiguration;
			buildSettings = {
				BUNDLE_LOADER = "$(TEST_HOST)";
				CODE_SIGN_STYLE = Automatic;
				INFOPLIST_FILE = RongPenProjectTests/Info.plist;
				IPHONEOS_DEPLOYMENT_TARGET = 13.2;
				LD_RUNPATH_SEARCH_PATHS = (
					"$(inherited)",
					"@executable_path/Frameworks",
					"@loader_path/Frameworks",
				);
				PRODUCT_BUNDLE_IDENTIFIER = none.RongPenProjectTests;
				PRODUCT_NAME = "$(TARGET_NAME)";
				TARGETED_DEVICE_FAMILY = "1,2";
				TEST_HOST = "$(BUILT_PRODUCTS_DIR)/RongPenProject.app/RongPenProject";
			};
			name = Release;
		};
		27271D16250D129C00B4E382 /* Debug */ = {
			isa = XCBuildConfiguration;
			buildSettings = {
				CODE_SIGN_STYLE = Automatic;
				INFOPLIST_FILE = RongPenProjectUITests/Info.plist;
				LD_RUNPATH_SEARCH_PATHS = (
					"$(inherited)",
					"@executable_path/Frameworks",
					"@loader_path/Frameworks",
				);
				PRODUCT_BUNDLE_IDENTIFIER = none.RongPenProjectUITests;
				PRODUCT_NAME = "$(TARGET_NAME)";
				TARGETED_DEVICE_FAMILY = "1,2";
				TEST_TARGET_NAME = RongPenProject;
			};
			name = Debug;
		};
		27271D17250D129C00B4E382 /* Release */ = {
			isa = XCBuildConfiguration;
			buildSettings = {
				CODE_SIGN_STYLE = Automatic;
				INFOPLIST_FILE = RongPenProjectUITests/Info.plist;
				LD_RUNPATH_SEARCH_PATHS = (
					"$(inherited)",
					"@executable_path/Frameworks",
					"@loader_path/Frameworks",
				);
				PRODUCT_BUNDLE_IDENTIFIER = none.RongPenProjectUITests;
				PRODUCT_NAME = "$(TARGET_NAME)";
				TARGETED_DEVICE_FAMILY = "1,2";
				TEST_TARGET_NAME = RongPenProject;
			};
			name = Release;
		};
/* End XCBuildConfiguration section */

/* Begin XCConfigurationList section */
		27271CDB250D129A00B4E382 /* Build configuration list for PBXProject "RongPenProject" */ = {
			isa = XCConfigurationList;
			buildConfigurations = (
				27271D0D250D129C00B4E382 /* Debug */,
				27271D0E250D129C00B4E382 /* Release */,
			);
			defaultConfigurationIsVisible = 0;
			defaultConfigurationName = Release;
		};
		27271D0F250D129C00B4E382 /* Build configuration list for PBXNativeTarget "RongPenProject" */ = {
			isa = XCConfigurationList;
			buildConfigurations = (
				27271D10250D129C00B4E382 /* Debug */,
				27271D11250D129C00B4E382 /* Release */,
			);
			defaultConfigurationIsVisible = 0;
			defaultConfigurationName = Release;
		};
		27271D12250D129C00B4E382 /* Build configuration list for PBXNativeTarget "RongPenProjectTests" */ = {
			isa = XCConfigurationList;
			buildConfigurations = (
				27271D13250D129C00B4E382 /* Debug */,
				27271D14250D129C00B4E382 /* Release */,
			);
			defaultConfigurationIsVisible = 0;
			defaultConfigurationName = Release;
		};
		27271D15250D129C00B4E382 /* Build configuration list for PBXNativeTarget "RongPenProjectUITests" */ = {
			isa = XCConfigurationList;
			buildConfigurations = (
				27271D16250D129C00B4E382 /* Debug */,
				27271D17250D129C00B4E382 /* Release */,
			);
			defaultConfigurationIsVisible = 0;
			defaultConfigurationName = Release;
		};
/* End XCConfigurationList section */
	};
	rootObject = 27271CD8250D129A00B4E382 /* Project object */;
}
